
Microsoft Visual Studio Solution File, Format Version 12.00
# Visual Studio Version 16
VisualStudioVersion = 16.0.35026.282
MinimumVisualStudioVersion = 10.0.40219.1
Project("{C9674DCB-5085-4A16-B785-4C70DD1589BD}") = "ETL DWH", "ETL DWH\ETL DWH.dtproj", "{71C52BF9-F849-47F9-A0B9-2591B2125088}"
EndProject
Global
	GlobalSection(SolutionConfigurationPlatforms) = preSolution
		Development|Default = Development|Default
	EndGlobalSection
	GlobalSection(ProjectConfigurationPlatforms) = postSolution
		{71C52BF9-F849-47F9-A0B9-2591B2125088}.Development|Default.ActiveCfg = Development
		{71C52BF9-F849-47F9-A0B9-2591B2125088}.Development|Default.Build.0 = Development
	EndGlobalSection
	GlobalSection(SolutionProperties) = preSolution
		HideSolutionNode = FALSE
	EndGlobalSection
	GlobalSection(ExtensibilityGlobals) = postSolution
		SolutionGuid = {EC1FABF4-2BC2-4B4D-8D83-C63E43A4BB45}
	EndGlobalSection
EndGlobal
